
Microsoft Visual Studio Solution File, Format Version 12.00
# Visual Studio 2013
VisualStudioVersion = 12.0.21005.1
MinimumVisualStudioVersion = 10.0.40219.1
Project("{FAE04EC0-301F-11D3-BF4B-00C04F79EFBC}") = "COMP123-Lesson05", "COMP123-Lesson05\COMP123-Lesson05.csproj", "{FCC65D1F-1F8C-41E5-8B66-2F751C792F2A}"
EndProject
Global
	GlobalSection(SolutionConfigurationPlatforms) = preSolution
		Debug|Any CPU = Debug|Any CPU
		Release|Any CPU = Release|Any CPU
	EndGlobalSection
	GlobalSection(ProjectConfigurationPlatforms) = postSolution
		{FCC65D1F-1F8C-41E5-8B66-2F751C792F2A}.Debug|Any CPU.ActiveCfg = Debug|Any CPU
		{FCC65D1F-1F8C-41E5-8B66-2F751C792F2A}.Debug|Any CPU.Build.0 = Debug|Any CPU
		{FCC65D1F-1F8C-41E5-8B66-2F751C792F2A}.Release|Any CPU.ActiveCfg = Release|Any CPU
		{FCC65D1F-1F8C-41E5-8B66-2F751C792F2A}.Release|Any CPU.Build.0 = Release|Any CPU
	EndGlobalSection
	GlobalSection(SolutionProperties) = preSolution
		HideSolutionNode = FALSE
	EndGlobalSection
EndGlobal
